
Microsoft Visual Studio Solution File, Format Version 12.00
# Visual Studio Version 17
VisualStudioVersion = 17.9.34321.82
MinimumVisualStudioVersion = 10.0.40219.1
Project("{9A19103F-16F7-4668-BE54-9A1E7A4F7556}") = "Masuda.QQNT", "Masuda.QQNT\Masuda.QQNT.csproj", "{62A6FEC9-AB71-4578-AF24-90E6B7F3A0C1}"
EndProject
Project("{9A19103F-16F7-4668-BE54-9A1E7A4F7556}") = "Masuda.QQNT.Test", "Masuda.QQNT.Test\Masuda.QQNT.Test.csproj", "{784E5E2D-ECB5-40DD-9928-83AB71CB2123}"
EndProject
Project("{2150E333-8FDC-42A3-9474-1A3956D46DE8}") = "解决方案项", "解决方案项", "{5BE6C802-88B0-455C-B61E-F7DD2CC9A352}"
	ProjectSection(SolutionItems) = preProject
		Readme.md = Readme.md
	EndProjectSection
EndProject
Project("{9A19103F-16F7-4668-BE54-9A1E7A4F7556}") = "NeteaseCloudMusic.NET", "..\NeteaseCloudMusic.NET\NeteaseCloudMusic.NET\NeteaseCloudMusic.NET.csproj", "{2AC1FC72-96FF-4586-95E1-338891114318}"
EndProject
Global
	GlobalSection(SolutionConfigurationPlatforms) = preSolution
		Debug|Any CPU = Debug|Any CPU
		Release|Any CPU = Release|Any CPU
	EndGlobalSection
	GlobalSection(ProjectConfigurationPlatforms) = postSolution
		{62A6FEC9-AB71-4578-AF24-90E6B7F3A0C1}.Debug|Any CPU.ActiveCfg = Debug|Any CPU
		{62A6FEC9-AB71-4578-AF24-90E6B7F3A0C1}.Debug|Any CPU.Build.0 = Debug|Any CPU
		{62A6FEC9-AB71-4578-AF24-90E6B7F3A0C1}.Release|Any CPU.ActiveCfg = Release|Any CPU
		{62A6FEC9-AB71-4578-AF24-90E6B7F3A0C1}.Release|Any CPU.Build.0 = Release|Any CPU
		{784E5E2D-ECB5-40DD-9928-83AB71CB2123}.Debug|Any CPU.ActiveCfg = Debug|Any CPU
		{784E5E2D-ECB5-40DD-9928-83AB71CB2123}.Debug|Any CPU.Build.0 = Debug|Any CPU
		{784E5E2D-ECB5-40DD-9928-83AB71CB2123}.Release|Any CPU.ActiveCfg = Release|Any CPU
		{784E5E2D-ECB5-40DD-9928-83AB71CB2123}.Release|Any CPU.Build.0 = Release|Any CPU
		{2AC1FC72-96FF-4586-95E1-338891114318}.Debug|Any CPU.ActiveCfg = Debug|Any CPU
		{2AC1FC72-96FF-4586-95E1-338891114318}.Debug|Any CPU.Build.0 = Debug|Any CPU
		{2AC1FC72-96FF-4586-95E1-338891114318}.Release|Any CPU.ActiveCfg = Release|Any CPU
		{2AC1FC72-96FF-4586-95E1-338891114318}.Release|Any CPU.Build.0 = Release|Any CPU
	EndGlobalSection
	GlobalSection(SolutionProperties) = preSolution
		HideSolutionNode = FALSE
	EndGlobalSection
	GlobalSection(ExtensibilityGlobals) = postSolution
		SolutionGuid = {F2AFDCED-5D24-4BEB-B075-3A878BBA823E}
	EndGlobalSection
EndGlobal
